
Microsoft Visual Studio Solution File, Format Version 12.00
# Visual Studio Version 17
VisualStudioVersion = 17.1.32414.318
MinimumVisualStudioVersion = 10.0.40219.1
Project("{9A19103F-16F7-4668-BE54-9A1E7A4F7556}") = "WorkingWithStrings", "WorkingWithStrings.csproj", "{7244B59B-F707-4106-8F2B-7CAFE3B1106D}"
EndProject
Project("{9A19103F-16F7-4668-BE54-9A1E7A4F7556}") = "AlgorithmicProblems", "..\SearchingAlgorithms\AlgorithmicProblems.csproj", "{B1A8E14D-63F7-4626-B0D8-65CA7F2BDB89}"
EndProject
Project("{9A19103F-16F7-4668-BE54-9A1E7A4F7556}") = "CustomDoublyLinkedList", "..\LinkedList\CustomDoublyLinkedList.csproj", "{26B415CA-E90D-48EE-8420-1A208BE1E41B}"
EndProject
Project("{9A19103F-16F7-4668-BE54-9A1E7A4F7556}") = "CollectionProblems", "..\CollectionProblems\CollectionProblems.csproj", "{E4C7D179-CD58-4BA2-8E09-76D187CCEC91}"
EndProject
Project("{9A19103F-16F7-4668-BE54-9A1E7A4F7556}") = "CuctomBinaryTree", "..\CuctomBinaryTree\CuctomBinaryTree.csproj", "{F73C8208-59B3-433A-AFF1-9F3C142ED5D2}"
EndProject
Project("{9A19103F-16F7-4668-BE54-9A1E7A4F7556}") = "Iterator", "..\DesignPatterns\Iterator.csproj", "{3D17F5FA-8D58-4E67-BE1B-9EE1CADE3E5F}"
EndProject
Project("{9A19103F-16F7-4668-BE54-9A1E7A4F7556}") = "FactoryPatternDemo", "..\FactoryPattern\FactoryPatternDemo.csproj", "{B242006B-1842-4E2C-B4FB-91672073B0F9}"
EndProject
Project("{FAE04EC0-301F-11D3-BF4B-00C04F79EFBC}") = "TestNotes", "..\TestNotes\TestNotes.csproj", "{AA651C5C-DC2E-4626-989C-D62991729E14}"
EndProject
Global
	GlobalSection(SolutionConfigurationPlatforms) = preSolution
		Debug|Any CPU = Debug|Any CPU
		Release|Any CPU = Release|Any CPU
	EndGlobalSection
	GlobalSection(ProjectConfigurationPlatforms) = postSolution
		{7244B59B-F707-4106-8F2B-7CAFE3B1106D}.Debug|Any CPU.ActiveCfg = Debug|Any CPU
		{7244B59B-F707-4106-8F2B-7CAFE3B1106D}.Debug|Any CPU.Build.0 = Debug|Any CPU
		{7244B59B-F707-4106-8F2B-7CAFE3B1106D}.Release|Any CPU.ActiveCfg = Release|Any CPU
		{7244B59B-F707-4106-8F2B-7CAFE3B1106D}.Release|Any CPU.Build.0 = Release|Any CPU
		{B1A8E14D-63F7-4626-B0D8-65CA7F2BDB89}.Debug|Any CPU.ActiveCfg = Debug|Any CPU
		{B1A8E14D-63F7-4626-B0D8-65CA7F2BDB89}.Debug|Any CPU.Build.0 = Debug|Any CPU
		{B1A8E14D-63F7-4626-B0D8-65CA7F2BDB89}.Release|Any CPU.ActiveCfg = Release|Any CPU
		{B1A8E14D-63F7-4626-B0D8-65CA7F2BDB89}.Release|Any CPU.Build.0 = Release|Any CPU
		{26B415CA-E90D-48EE-8420-1A208BE1E41B}.Debug|Any CPU.ActiveCfg = Debug|Any CPU
		{26B415CA-E90D-48EE-8420-1A208BE1E41B}.Debug|Any CPU.Build.0 = Debug|Any CPU
		{26B415CA-E90D-48EE-8420-1A208BE1E41B}.Release|Any CPU.ActiveCfg = Release|Any CPU
		{26B415CA-E90D-48EE-8420-1A208BE1E41B}.Release|Any CPU.Build.0 = Release|Any CPU
		{E4C7D179-CD58-4BA2-8E09-76D187CCEC91}.Debug|Any CPU.ActiveCfg = Debug|Any CPU
		{E4C7D179-CD58-4BA2-8E09-76D187CCEC91}.Debug|Any CPU.Build.0 = Debug|Any CPU
		{E4C7D179-CD58-4BA2-8E09-76D187CCEC91}.Release|Any CPU.ActiveCfg = Release|Any CPU
		{E4C7D179-CD58-4BA2-8E09-76D187CCEC91}.Release|Any CPU.Build.0 = Release|Any CPU
		{F73C8208-59B3-433A-AFF1-9F3C142ED5D2}.Debug|Any CPU.ActiveCfg = Debug|Any CPU
		{F73C8208-59B3-433A-AFF1-9F3C142ED5D2}.Debug|Any CPU.Build.0 = Debug|Any CPU
		{F73C8208-59B3-433A-AFF1-9F3C142ED5D2}.Release|Any CPU.ActiveCfg = Release|Any CPU
		{F73C8208-59B3-433A-AFF1-9F3C142ED5D2}.Release|Any CPU.Build.0 = Release|Any CPU
		{3D17F5FA-8D58-4E67-BE1B-9EE1CADE3E5F}.Debug|Any CPU.ActiveCfg = Debug|Any CPU
		{3D17F5FA-8D58-4E67-BE1B-9EE1CADE3E5F}.Debug|Any CPU.Build.0 = Debug|Any CPU
		{3D17F5FA-8D58-4E67-BE1B-9EE1CADE3E5F}.Release|Any CPU.ActiveCfg = Release|Any CPU
		{3D17F5FA-8D58-4E67-BE1B-9EE1CADE3E5F}.Release|Any CPU.Build.0 = Release|Any CPU
		{B242006B-1842-4E2C-B4FB-91672073B0F9}.Debug|Any CPU.ActiveCfg = Debug|Any CPU
		{B242006B-1842-4E2C-B4FB-91672073B0F9}.Debug|Any CPU.Build.0 = Debug|Any CPU
		{B242006B-1842-4E2C-B4FB-91672073B0F9}.Release|Any CPU.ActiveCfg = Release|Any CPU
		{B242006B-1842-4E2C-B4FB-91672073B0F9}.Release|Any CPU.Build.0 = Release|Any CPU
		{AA651C5C-DC2E-4626-989C-D62991729E14}.Debug|Any CPU.ActiveCfg = Debug|Any CPU
		{AA651C5C-DC2E-4626-989C-D62991729E14}.Debug|Any CPU.Build.0 = Debug|Any CPU
		{AA651C5C-DC2E-4626-989C-D62991729E14}.Release|Any CPU.ActiveCfg = Release|Any CPU
		{AA651C5C-DC2E-4626-989C-D62991729E14}.Release|Any CPU.Build.0 = Release|Any CPU
	EndGlobalSection
	GlobalSection(SolutionProperties) = preSolution
		HideSolutionNode = FALSE
	EndGlobalSection
	GlobalSection(ExtensibilityGlobals) = postSolution
		SolutionGuid = {930DDB55-DA3F-4FC0-B648-78F7E78550A0}
	EndGlobalSection
EndGlobal
